
Microsoft Visual Studio Solution File, Format Version 12.00
# Visual Studio 15
VisualStudioVersion = 15.0.26430.12
MinimumVisualStudioVersion = 10.0.40219.1
Project("{FAE04EC0-301F-11D3-BF4B-00C04F79EFBC}") = "NLog.Mongo", "NLog.Mongo\NLog.Mongo.csproj", "{AF8A3E5B-450B-4CE9-B4C3-89111ABD95B4}"
EndProject
Project("{FAE04EC0-301F-11D3-BF4B-00C04F79EFBC}") = "NLog.Mongo.Tests", "NLog.Mongo.Tests\NLog.Mongo.Tests.csproj", "{6F4C804A-AD64-49ED-83E7-DB85CEAADF5A}"
EndProject
Project("{FAE04EC0-301F-11D3-BF4B-00C04F79EFBC}") = "NLog.Mongo.IntegrationTests", "NLog.Mongo.IntegrationTests\NLog.Mongo.IntegrationTests.csproj", "{B28DB569-F222-4035-81E5-8AB188852B45}"
EndProject
Project("{FAE04EC0-301F-11D3-BF4B-00C04F79EFBC}") = "Polygon", "Polygon\Polygon.csproj", "{37D7406D-E5A0-46C2-B966-B4FF888E9A5C}"
EndProject
Global
	GlobalSection(SolutionConfigurationPlatforms) = preSolution
		Debug|Any CPU = Debug|Any CPU
		Release|Any CPU = Release|Any CPU
	EndGlobalSection
	GlobalSection(ProjectConfigurationPlatforms) = postSolution
		{AF8A3E5B-450B-4CE9-B4C3-89111ABD95B4}.Debug|Any CPU.ActiveCfg = Debug|Any CPU
		{AF8A3E5B-450B-4CE9-B4C3-89111ABD95B4}.Debug|Any CPU.Build.0 = Debug|Any CPU
		{AF8A3E5B-450B-4CE9-B4C3-89111ABD95B4}.Release|Any CPU.ActiveCfg = Release|Any CPU
		{AF8A3E5B-450B-4CE9-B4C3-89111ABD95B4}.Release|Any CPU.Build.0 = Release|Any CPU
		{6F4C804A-AD64-49ED-83E7-DB85CEAADF5A}.Debug|Any CPU.ActiveCfg = Debug|Any CPU
		{6F4C804A-AD64-49ED-83E7-DB85CEAADF5A}.Debug|Any CPU.Build.0 = Debug|Any CPU
		{6F4C804A-AD64-49ED-83E7-DB85CEAADF5A}.Release|Any CPU.ActiveCfg = Release|Any CPU
		{6F4C804A-AD64-49ED-83E7-DB85CEAADF5A}.Release|Any CPU.Build.0 = Release|Any CPU
		{B28DB569-F222-4035-81E5-8AB188852B45}.Debug|Any CPU.ActiveCfg = Debug|Any CPU
		{B28DB569-F222-4035-81E5-8AB188852B45}.Debug|Any CPU.Build.0 = Debug|Any CPU
		{B28DB569-F222-4035-81E5-8AB188852B45}.Release|Any CPU.ActiveCfg = Release|Any CPU
		{B28DB569-F222-4035-81E5-8AB188852B45}.Release|Any CPU.Build.0 = Release|Any CPU
		{37D7406D-E5A0-46C2-B966-B4FF888E9A5C}.Debug|Any CPU.ActiveCfg = Debug|Any CPU
		{37D7406D-E5A0-46C2-B966-B4FF888E9A5C}.Debug|Any CPU.Build.0 = Debug|Any CPU
		{37D7406D-E5A0-46C2-B966-B4FF888E9A5C}.Release|Any CPU.ActiveCfg = Release|Any CPU
		{37D7406D-E5A0-46C2-B966-B4FF888E9A5C}.Release|Any CPU.Build.0 = Release|Any CPU
	EndGlobalSection
	GlobalSection(SolutionProperties) = preSolution
		HideSolutionNode = FALSE
	EndGlobalSection
EndGlobal
